
Microsoft Visual Studio Solution File, Format Version 11.00
# Visual Studio 2010
Project("{FAE04EC0-301F-11D3-BF4B-00C04F79EFBC}") = "AstarPathfindingProject", "AstarPathfindingProject.csproj", "{0aac74c3-a1d4-834f-765f-64ae63a54e53}"
EndProject
Project("{FAE04EC0-301F-11D3-BF4B-00C04F79EFBC}") = "Assembly-CSharp", "Assembly-CSharp.csproj", "{827d86e5-1fdb-986a-dc70-cfded7c191cc}"
EndProject
Project("{FAE04EC0-301F-11D3-BF4B-00C04F79EFBC}") = "AstarPathfindingProjectEditor", "AstarPathfindingProjectEditor.csproj", "{880c8b42-1d83-8bc9-309d-f5d9998cd854}"
EndProject
Project("{FAE04EC0-301F-11D3-BF4B-00C04F79EFBC}") = "PackageToolsEditor", "PackageToolsEditor.csproj", "{033b0ac4-6928-dc66-e050-9a8a6c8569da}"
EndProject
Global
	GlobalSection(SolutionConfigurationPlatforms) = preSolution
		Debug|Any CPU = Debug|Any CPU
	EndGlobalSection
	GlobalSection(ProjectConfigurationPlatforms) = postSolution
		{0aac74c3-a1d4-834f-765f-64ae63a54e53}.Debug|Any CPU.ActiveCfg = Debug|Any CPU
		{0aac74c3-a1d4-834f-765f-64ae63a54e53}.Debug|Any CPU.Build.0 = Debug|Any CPU
		{827d86e5-1fdb-986a-dc70-cfded7c191cc}.Debug|Any CPU.ActiveCfg = Debug|Any CPU
		{827d86e5-1fdb-986a-dc70-cfded7c191cc}.Debug|Any CPU.Build.0 = Debug|Any CPU
		{880c8b42-1d83-8bc9-309d-f5d9998cd854}.Debug|Any CPU.ActiveCfg = Debug|Any CPU
		{880c8b42-1d83-8bc9-309d-f5d9998cd854}.Debug|Any CPU.Build.0 = Debug|Any CPU
		{033b0ac4-6928-dc66-e050-9a8a6c8569da}.Debug|Any CPU.ActiveCfg = Debug|Any CPU
		{033b0ac4-6928-dc66-e050-9a8a6c8569da}.Debug|Any CPU.Build.0 = Debug|Any CPU
	EndGlobalSection
	GlobalSection(SolutionProperties) = preSolution
		HideSolutionNode = FALSE
	EndGlobalSection
EndGlobal
